<?xml version="1.0" encoding="utf-8"?>
<Project ToolsVersion="4.0" xmlns="http://schemas.microsoft.com/developer/msbuild/2003">
  <ItemGroup>
    <Filter Include="Quelldateien">
      <UniqueIdentifier>{4FC737F1-C7A5-4376-A066-2A32D752A2FF}</UniqueIdentifier>
      <Extensions>cpp;c;cc;cxx;def;odl;idl;hpj;bat;asm;asmx</Extensions>
    </Filter>
    <Filter Include="Headerdateien">
      <UniqueIdentifier>{93995380-89BD-4b04-88EB-625FBE52EBFB}</UniqueIdentifier>
      <Extensions>h;hh;hpp;hxx;hm;inl;inc;ipp;xsd</Extensions>
    </Filter>
    <Filter Include="Ressourcendateien">
      <UniqueIdentifier>{67DA6AB6-F800-4c08-8B7A-83BB121AAD01}</UniqueIdentifier>
      <Extensions>rc;ico;cur;bmp;dlg;rc2;rct;bin;rgs;gif;jpg;jpeg;jpe;resx;tiff;tif;png;wav;mfcribbon-ms</Extensions>
    </Filter>
  </ItemGroup>
  <ItemGroup>
    <ClCompile Include="main.cpp">
      <Filter>Quelldateien</Filter>
    </ClCompile>
    <ClCompile Include="src\glad.c">
      <Filter>Quelldateien</Filter>
    </ClCompile>
    <ClCompile Include="Camera.cpp">
      <Filter>Quelldateien</Filter>
    </ClCompile>
    <ClCompile Include="Shader.cpp">
      <Filter>Quelldateien</Filter>
    </ClCompile>
    <ClCompile Include="WorldObject.cpp">
      <Filter>Quelldateien</Filter>
    </ClCompile>
    <ClCompile Include="Model.cpp">
      <Filter>Quelldateien</Filter>
    </ClCompile>
    <ClCompile Include="Transform.cpp">
      <Filter>Quelldateien</Filter>
    </ClCompile>
    <ClCompile Include="kdTree.cpp">
      <Filter>Quelldateien</Filter>
    </ClCompile>
    <ClCompile Include="Ray.cpp">
      <Filter>Quelldateien</Filter>
    </ClCompile>
    <ClCompile Include="Spline.cpp">
      <Filter>Quelldateien</Filter>
    </ClCompile>
    <ClCompile Include="Chunk.cpp">
      <Filter>Quelldateien</Filter>
    </ClCompile>
    <ClCompile Include="ParticleSpawn.cpp">
      <Filter>Quelldateien</Filter>
    </ClCompile>
  </ItemGroup>
  <ItemGroup>
    <ClInclude Include="Camera.hpp">
      <Filter>Headerdateien</Filter>
    </ClInclude>
    <ClInclude Include="Shader.hpp">
      <Filter>Headerdateien</Filter>
    </ClInclude>
    <ClInclude Include="Model.hpp">
      <Filter>Headerdateien</Filter>
    </ClInclude>
    <ClInclude Include="Transform.hpp">
      <Filter>Headerdateien</Filter>
    </ClInclude>
    <ClInclude Include="WorldObject.hpp">
      <Filter>Headerdateien</Filter>
    </ClInclude>
    <ClInclude Include="src\stb_image.h">
      <Filter>Headerdateien</Filter>
    </ClInclude>
    <ClInclude Include="kdTree.h">
      <Filter>Headerdateien</Filter>
    </ClInclude>
    <ClInclude Include="MathDefines.h">
      <Filter>Headerdateien</Filter>
    </ClInclude>
    <ClInclude Include="Ray.h">
      <Filter>Headerdateien</Filter>
    </ClInclude>
    <ClInclude Include="Spline.hpp">
      <Filter>Headerdateien</Filter>
    </ClInclude>
    <ClInclude Include="Chunk.h">
      <Filter>Headerdateien</Filter>
    </ClInclude>
    <ClInclude Include="MarchTables.hpp">
      <Filter>Headerdateien</Filter>
    </ClInclude>
    <ClInclude Include="ParticleSpawn.h">
      <Filter>Headerdateien</Filter>
    </ClInclude>
  </ItemGroup>
  <ItemGroup>
    <None Include="Debug_FS.glsl">
      <Filter>Ressourcendateien</Filter>
    </None>
    <None Include="Debug_VS.glsl">
      <Filter>Ressourcendateien</Filter>
    </None>
    <None Include="SimpleDraw_VS.glsl">
      <Filter>Ressourcendateien</Filter>
    </None>
    <None Include="SimpleDraw_FS.glsl">
      <Filter>Ressourcendateien</Filter>
    </None>
    <None Include="Chunk_VS.glsl">
      <Filter>Ressourcendateien</Filter>
    </None>
    <None Include="Chunk_GS.glsl">
      <Filter>Ressourcendateien</Filter>
    </None>
    <None Include="generateChunk_CS.glsl">
      <Filter>Ressourcendateien</Filter>
    </None>
    <None Include="ChunkRay_CS.glsl">
      <Filter>Ressourcendateien</Filter>
    </None>
    <None Include="Particle_VS.glsl">
      <Filter>Ressourcendateien</Filter>
    </None>
    <None Include="Particle_FS.glsl">
      <Filter>Ressourcendateien</Filter>
    </None>
    <None Include="Particle_GS.glsl">
      <Filter>Ressourcendateien</Filter>
    </None>
    <None Include="Particle_CS.glsl">
      <Filter>Ressourcendateien</Filter>
    </None>
    <None Include="Depth_VS.glsl">
      <Filter>Ressourcendateien</Filter>
    </None>
    <None Include="Empty_FS.glsl">
      <Filter>Ressourcendateien</Filter>
    </None>
    <None Include="ShadowMap_FS.glsl">
      <Filter>Ressourcendateien</Filter>
    </None>
    <None Include="ShadowMap_VS.glsl">
      <Filter>Ressourcendateien</Filter>
    </None>
    <None Include="Blur_CS.glsl">
      <Filter>Ressourcendateien</Filter>
    </None>
    <None Include="Chunk_FS.glsl">
      <Filter>Ressourcendateien</Filter>
    </None>
    <None Include="SSAO_VS.glsl">
      <Filter>Ressourcendateien</Filter>
    </None>
    <None Include="SSAOBlur_FS.glsl">
      <Filter>Ressourcendateien</Filter>
    </None>
    <None Include="SSAO_FS.glsl">
      <Filter>Ressourcendateien</Filter>
    </None>
    <None Include="SSAORender_FS.glsl">
      <Filter>Ressourcendateien</Filter>
    </None>
  </ItemGroup>
  <ItemGroup>
    <Image Include="container.jpg">
      <Filter>Ressourcendateien</Filter>
    </Image>
    <Image Include="normal.png">
      <Filter>Ressourcendateien</Filter>
    </Image>
  </ItemGroup>
</Project>